
Microsoft Visual Studio Solution File, Format Version 12.00
# Visual Studio 14
VisualStudioVersion = 14.0.25420.1
MinimumVisualStudioVersion = 10.0.40219.1
Project("{FAE04EC0-301F-11D3-BF4B-00C04F79EFBC}") = "EHRClinicalWebApplication", "EHRClinicalWebApplication\EHRClinicalWebApplication.csproj", "{BC499F73-C10A-4365-B873-0AB5B08659FF}"
EndProject
Project("{FAE04EC0-301F-11D3-BF4B-00C04F79EFBC}") = "EHRClinicalWebApplication.Tests", "EHRClinicalWebApplication.Tests\EHRClinicalWebApplication.Tests.csproj", "{5E5402D8-C341-4EB4-8245-CD45CDBB4A98}"
EndProject
Project("{F088123C-0E9E-452A-89E6-6BA2F21D5CAC}") = "EHRClinicalModelingProject", "EHRClinicalModelingProject\EHRClinicalModelingProject.modelproj", "{0FE1D5ED-5C31-4742-9C3E-69A57CAE0CCB}"
EndProject
Project("{FAE04EC0-301F-11D3-BF4B-00C04F79EFBC}") = "OpenEHR", "..\OpenEHR\src\OpenEhr\OpenEHR.csproj", "{0473EC35-A258-4D20-BDAB-C01A602D4587}"
EndProject
Project("{FAE04EC0-301F-11D3-BF4B-00C04F79EFBC}") = "EHRClinicalDesktopApplication", "EHRClinicalDesktopApplication\EHRClinicalDesktopApplication.csproj", "{3C58E6A1-76AA-4451-BCA4-F7C1F16E577D}"
EndProject
Project("{00D1A9C2-B5F0-4AF3-8072-F6C62B433612}") = "EHRClinicalDB", "EHRClinicalDB\EHRClinicalDB.sqlproj", "{252C4007-66F1-4CE4-AAD2-8CD6D4543285}"
EndProject
Project("{FAE04EC0-301F-11D3-BF4B-00C04F79EFBC}") = "Model", "Model\Model.csproj", "{0F8B9A68-E5E6-4392-A7EC-61CBB5E448E1}"
EndProject
Global
	GlobalSection(SolutionConfigurationPlatforms) = preSolution
		Debug|Any CPU = Debug|Any CPU
		Debug|x86 = Debug|x86
		InternalRelease|Any CPU = InternalRelease|Any CPU
		InternalRelease|x86 = InternalRelease|x86
		Release|Any CPU = Release|Any CPU
		Release|x86 = Release|x86
	EndGlobalSection
	GlobalSection(ProjectConfigurationPlatforms) = postSolution
		{BC499F73-C10A-4365-B873-0AB5B08659FF}.Debug|Any CPU.ActiveCfg = Debug|Any CPU
		{BC499F73-C10A-4365-B873-0AB5B08659FF}.Debug|Any CPU.Build.0 = Debug|Any CPU
		{BC499F73-C10A-4365-B873-0AB5B08659FF}.Debug|x86.ActiveCfg = Debug|Any CPU
		{BC499F73-C10A-4365-B873-0AB5B08659FF}.Debug|x86.Build.0 = Debug|Any CPU
		{BC499F73-C10A-4365-B873-0AB5B08659FF}.InternalRelease|Any CPU.ActiveCfg = Release|Any CPU
		{BC499F73-C10A-4365-B873-0AB5B08659FF}.InternalRelease|Any CPU.Build.0 = Release|Any CPU
		{BC499F73-C10A-4365-B873-0AB5B08659FF}.InternalRelease|x86.ActiveCfg = Release|Any CPU
		{BC499F73-C10A-4365-B873-0AB5B08659FF}.InternalRelease|x86.Build.0 = Release|Any CPU
		{BC499F73-C10A-4365-B873-0AB5B08659FF}.Release|Any CPU.ActiveCfg = Release|Any CPU
		{BC499F73-C10A-4365-B873-0AB5B08659FF}.Release|Any CPU.Build.0 = Release|Any CPU
		{BC499F73-C10A-4365-B873-0AB5B08659FF}.Release|x86.ActiveCfg = Release|Any CPU
		{BC499F73-C10A-4365-B873-0AB5B08659FF}.Release|x86.Build.0 = Release|Any CPU
		{5E5402D8-C341-4EB4-8245-CD45CDBB4A98}.Debug|Any CPU.ActiveCfg = Debug|Any CPU
		{5E5402D8-C341-4EB4-8245-CD45CDBB4A98}.Debug|Any CPU.Build.0 = Debug|Any CPU
		{5E5402D8-C341-4EB4-8245-CD45CDBB4A98}.Debug|x86.ActiveCfg = Debug|Any CPU
		{5E5402D8-C341-4EB4-8245-CD45CDBB4A98}.Debug|x86.Build.0 = Debug|Any CPU
		{5E5402D8-C341-4EB4-8245-CD45CDBB4A98}.InternalRelease|Any CPU.ActiveCfg = Release|Any CPU
		{5E5402D8-C341-4EB4-8245-CD45CDBB4A98}.InternalRelease|Any CPU.Build.0 = Release|Any CPU
		{5E5402D8-C341-4EB4-8245-CD45CDBB4A98}.InternalRelease|x86.ActiveCfg = Release|Any CPU
		{5E5402D8-C341-4EB4-8245-CD45CDBB4A98}.InternalRelease|x86.Build.0 = Release|Any CPU
		{5E5402D8-C341-4EB4-8245-CD45CDBB4A98}.Release|Any CPU.ActiveCfg = Release|Any CPU
		{5E5402D8-C341-4EB4-8245-CD45CDBB4A98}.Release|Any CPU.Build.0 = Release|Any CPU
		{5E5402D8-C341-4EB4-8245-CD45CDBB4A98}.Release|x86.ActiveCfg = Release|Any CPU
		{5E5402D8-C341-4EB4-8245-CD45CDBB4A98}.Release|x86.Build.0 = Release|Any CPU
		{0FE1D5ED-5C31-4742-9C3E-69A57CAE0CCB}.Debug|Any CPU.ActiveCfg = Debug|Any CPU
		{0FE1D5ED-5C31-4742-9C3E-69A57CAE0CCB}.Debug|Any CPU.Build.0 = Debug|Any CPU
		{0FE1D5ED-5C31-4742-9C3E-69A57CAE0CCB}.Debug|x86.ActiveCfg = Debug|Any CPU
		{0FE1D5ED-5C31-4742-9C3E-69A57CAE0CCB}.Debug|x86.Build.0 = Debug|Any CPU
		{0FE1D5ED-5C31-4742-9C3E-69A57CAE0CCB}.InternalRelease|Any CPU.ActiveCfg = Release|Any CPU
		{0FE1D5ED-5C31-4742-9C3E-69A57CAE0CCB}.InternalRelease|Any CPU.Build.0 = Release|Any CPU
		{0FE1D5ED-5C31-4742-9C3E-69A57CAE0CCB}.InternalRelease|x86.ActiveCfg = Release|Any CPU
		{0FE1D5ED-5C31-4742-9C3E-69A57CAE0CCB}.InternalRelease|x86.Build.0 = Release|Any CPU
		{0FE1D5ED-5C31-4742-9C3E-69A57CAE0CCB}.Release|Any CPU.ActiveCfg = Release|Any CPU
		{0FE1D5ED-5C31-4742-9C3E-69A57CAE0CCB}.Release|Any CPU.Build.0 = Release|Any CPU
		{0FE1D5ED-5C31-4742-9C3E-69A57CAE0CCB}.Release|x86.ActiveCfg = Release|Any CPU
		{0FE1D5ED-5C31-4742-9C3E-69A57CAE0CCB}.Release|x86.Build.0 = Release|Any CPU
		{0473EC35-A258-4D20-BDAB-C01A602D4587}.Debug|Any CPU.ActiveCfg = Debug|Any CPU
		{0473EC35-A258-4D20-BDAB-C01A602D4587}.Debug|Any CPU.Build.0 = Debug|Any CPU
		{0473EC35-A258-4D20-BDAB-C01A602D4587}.Debug|x86.ActiveCfg = Debug|x86
		{0473EC35-A258-4D20-BDAB-C01A602D4587}.Debug|x86.Build.0 = Debug|x86
		{0473EC35-A258-4D20-BDAB-C01A602D4587}.InternalRelease|Any CPU.ActiveCfg = InternalRelease|Any CPU
		{0473EC35-A258-4D20-BDAB-C01A602D4587}.InternalRelease|Any CPU.Build.0 = InternalRelease|Any CPU
		{0473EC35-A258-4D20-BDAB-C01A602D4587}.InternalRelease|x86.ActiveCfg = InternalRelease|x86
		{0473EC35-A258-4D20-BDAB-C01A602D4587}.InternalRelease|x86.Build.0 = InternalRelease|x86
		{0473EC35-A258-4D20-BDAB-C01A602D4587}.Release|Any CPU.ActiveCfg = Release|Any CPU
		{0473EC35-A258-4D20-BDAB-C01A602D4587}.Release|Any CPU.Build.0 = Release|Any CPU
		{0473EC35-A258-4D20-BDAB-C01A602D4587}.Release|x86.ActiveCfg = Release|x86
		{0473EC35-A258-4D20-BDAB-C01A602D4587}.Release|x86.Build.0 = Release|x86
		{3C58E6A1-76AA-4451-BCA4-F7C1F16E577D}.Debug|Any CPU.ActiveCfg = Debug|Any CPU
		{3C58E6A1-76AA-4451-BCA4-F7C1F16E577D}.Debug|Any CPU.Build.0 = Debug|Any CPU
		{3C58E6A1-76AA-4451-BCA4-F7C1F16E577D}.Debug|x86.ActiveCfg = Debug|Any CPU
		{3C58E6A1-76AA-4451-BCA4-F7C1F16E577D}.Debug|x86.Build.0 = Debug|Any CPU
		{3C58E6A1-76AA-4451-BCA4-F7C1F16E577D}.InternalRelease|Any CPU.ActiveCfg = Release|Any CPU
		{3C58E6A1-76AA-4451-BCA4-F7C1F16E577D}.InternalRelease|Any CPU.Build.0 = Release|Any CPU
		{3C58E6A1-76AA-4451-BCA4-F7C1F16E577D}.InternalRelease|x86.ActiveCfg = Release|Any CPU
		{3C58E6A1-76AA-4451-BCA4-F7C1F16E577D}.InternalRelease|x86.Build.0 = Release|Any CPU
		{3C58E6A1-76AA-4451-BCA4-F7C1F16E577D}.Release|Any CPU.ActiveCfg = Release|Any CPU
		{3C58E6A1-76AA-4451-BCA4-F7C1F16E577D}.Release|Any CPU.Build.0 = Release|Any CPU
		{3C58E6A1-76AA-4451-BCA4-F7C1F16E577D}.Release|x86.ActiveCfg = Release|Any CPU
		{3C58E6A1-76AA-4451-BCA4-F7C1F16E577D}.Release|x86.Build.0 = Release|Any CPU
		{252C4007-66F1-4CE4-AAD2-8CD6D4543285}.Debug|Any CPU.ActiveCfg = Debug|Any CPU
		{252C4007-66F1-4CE4-AAD2-8CD6D4543285}.Debug|Any CPU.Build.0 = Debug|Any CPU
		{252C4007-66F1-4CE4-AAD2-8CD6D4543285}.Debug|Any CPU.Deploy.0 = Debug|Any CPU
		{252C4007-66F1-4CE4-AAD2-8CD6D4543285}.Debug|x86.ActiveCfg = Debug|Any CPU
		{252C4007-66F1-4CE4-AAD2-8CD6D4543285}.Debug|x86.Build.0 = Debug|Any CPU
		{252C4007-66F1-4CE4-AAD2-8CD6D4543285}.Debug|x86.Deploy.0 = Debug|Any CPU
		{252C4007-66F1-4CE4-AAD2-8CD6D4543285}.InternalRelease|Any CPU.ActiveCfg = Release|Any CPU
		{252C4007-66F1-4CE4-AAD2-8CD6D4543285}.InternalRelease|Any CPU.Build.0 = Release|Any CPU
		{252C4007-66F1-4CE4-AAD2-8CD6D4543285}.InternalRelease|Any CPU.Deploy.0 = Release|Any CPU
		{252C4007-66F1-4CE4-AAD2-8CD6D4543285}.InternalRelease|x86.ActiveCfg = Release|Any CPU
		{252C4007-66F1-4CE4-AAD2-8CD6D4543285}.InternalRelease|x86.Build.0 = Release|Any CPU
		{252C4007-66F1-4CE4-AAD2-8CD6D4543285}.InternalRelease|x86.Deploy.0 = Release|Any CPU
		{252C4007-66F1-4CE4-AAD2-8CD6D4543285}.Release|Any CPU.ActiveCfg = Release|Any CPU
		{252C4007-66F1-4CE4-AAD2-8CD6D4543285}.Release|Any CPU.Build.0 = Release|Any CPU
		{252C4007-66F1-4CE4-AAD2-8CD6D4543285}.Release|Any CPU.Deploy.0 = Release|Any CPU
		{252C4007-66F1-4CE4-AAD2-8CD6D4543285}.Release|x86.ActiveCfg = Release|Any CPU
		{252C4007-66F1-4CE4-AAD2-8CD6D4543285}.Release|x86.Build.0 = Release|Any CPU
		{252C4007-66F1-4CE4-AAD2-8CD6D4543285}.Release|x86.Deploy.0 = Release|Any CPU
		{0F8B9A68-E5E6-4392-A7EC-61CBB5E448E1}.Debug|Any CPU.ActiveCfg = Debug|Any CPU
		{0F8B9A68-E5E6-4392-A7EC-61CBB5E448E1}.Debug|Any CPU.Build.0 = Debug|Any CPU
		{0F8B9A68-E5E6-4392-A7EC-61CBB5E448E1}.Debug|x86.ActiveCfg = Debug|Any CPU
		{0F8B9A68-E5E6-4392-A7EC-61CBB5E448E1}.Debug|x86.Build.0 = Debug|Any CPU
		{0F8B9A68-E5E6-4392-A7EC-61CBB5E448E1}.InternalRelease|Any CPU.ActiveCfg = Release|Any CPU
		{0F8B9A68-E5E6-4392-A7EC-61CBB5E448E1}.InternalRelease|Any CPU.Build.0 = Release|Any CPU
		{0F8B9A68-E5E6-4392-A7EC-61CBB5E448E1}.InternalRelease|x86.ActiveCfg = Release|Any CPU
		{0F8B9A68-E5E6-4392-A7EC-61CBB5E448E1}.InternalRelease|x86.Build.0 = Release|Any CPU
		{0F8B9A68-E5E6-4392-A7EC-61CBB5E448E1}.Release|Any CPU.ActiveCfg = Release|Any CPU
		{0F8B9A68-E5E6-4392-A7EC-61CBB5E448E1}.Release|Any CPU.Build.0 = Release|Any CPU
		{0F8B9A68-E5E6-4392-A7EC-61CBB5E448E1}.Release|x86.ActiveCfg = Release|Any CPU
		{0F8B9A68-E5E6-4392-A7EC-61CBB5E448E1}.Release|x86.Build.0 = Release|Any CPU
	EndGlobalSection
	GlobalSection(SolutionProperties) = preSolution
		HideSolutionNode = FALSE
	EndGlobalSection
EndGlobal
